
Microsoft Visual Studio Solution File, Format Version 12.00
# Visual Studio Version 17
VisualStudioVersion = 17.7.34302.85
MinimumVisualStudioVersion = 10.0.40219.1
Project("{FAE04EC0-301F-11D3-BF4B-00C04F79EFBC}") = "CharClsTableGen", "CharClsTableGen\CharClsTableGen.csproj", "{2A8E4869-FE68-4A30-BE9F-65CBB72B70B3}"
EndProject
Project("{9A19103F-16F7-4668-BE54-9A1E7A4F7556}") = "LexContext", "LexContext\LexContext.csproj", "{73417356-C733-4A87-937A-FDDEBEF3A9C2}"
EndProject
Project("{9A19103F-16F7-4668-BE54-9A1E7A4F7556}") = "FA", "FA\FA.csproj", "{518F5599-F91D-4873-8E39-A39AA9072D2C}"
	ProjectSection(ProjectDependencies) = postProject
		{2A8E4869-FE68-4A30-BE9F-65CBB72B70B3} = {2A8E4869-FE68-4A30-BE9F-65CBB72B70B3}
	EndProjectSection
EndProject
Project("{9A19103F-16F7-4668-BE54-9A1E7A4F7556}") = "SimpleDemo", "SimpleDemo\SimpleDemo.csproj", "{7E1BEBC2-DDE4-487A-8681-7032BC42051E}"
EndProject
Project("{2150E333-8FDC-42A3-9474-1A3956D46DE8}") = "Solution Items", "Solution Items", "{218F59A6-7848-4A37-92DA-786A81AB2085}"
	ProjectSection(SolutionItems) = preProject
		LICENSE = LICENSE
		README.md = README.md
	EndProjectSection
EndProject
Project("{FAE04EC0-301F-11D3-BF4B-00C04F79EFBC}") = "FsmExplorer", "FsmExplorer\FsmExplorer.csproj", "{6C532A4A-5004-478F-8EE9-C697BC6A628C}"
EndProject
Project("{FAE04EC0-301F-11D3-BF4B-00C04F79EFBC}") = "FA.Compiler", "FA.Compiler\FA.Compiler.csproj", "{61D76AF1-A483-4DD2-B12D-58C0F5C50CDF}"
EndProject
Project("{FAE04EC0-301F-11D3-BF4B-00C04F79EFBC}") = "CompileDemo", "CompileDemo\CompileDemo.csproj", "{EAE6E9D7-B7ED-40C0-B562-5A3FAFAE5796}"
EndProject
Global
	GlobalSection(SolutionConfigurationPlatforms) = preSolution
		Debug|Any CPU = Debug|Any CPU
		Release|Any CPU = Release|Any CPU
	EndGlobalSection
	GlobalSection(ProjectConfigurationPlatforms) = postSolution
		{2A8E4869-FE68-4A30-BE9F-65CBB72B70B3}.Debug|Any CPU.ActiveCfg = Debug|Any CPU
		{2A8E4869-FE68-4A30-BE9F-65CBB72B70B3}.Debug|Any CPU.Build.0 = Debug|Any CPU
		{2A8E4869-FE68-4A30-BE9F-65CBB72B70B3}.Release|Any CPU.ActiveCfg = Release|Any CPU
		{2A8E4869-FE68-4A30-BE9F-65CBB72B70B3}.Release|Any CPU.Build.0 = Release|Any CPU
		{73417356-C733-4A87-937A-FDDEBEF3A9C2}.Debug|Any CPU.ActiveCfg = Debug|Any CPU
		{73417356-C733-4A87-937A-FDDEBEF3A9C2}.Debug|Any CPU.Build.0 = Debug|Any CPU
		{73417356-C733-4A87-937A-FDDEBEF3A9C2}.Release|Any CPU.ActiveCfg = Release|Any CPU
		{73417356-C733-4A87-937A-FDDEBEF3A9C2}.Release|Any CPU.Build.0 = Release|Any CPU
		{518F5599-F91D-4873-8E39-A39AA9072D2C}.Debug|Any CPU.ActiveCfg = Debug|Any CPU
		{518F5599-F91D-4873-8E39-A39AA9072D2C}.Debug|Any CPU.Build.0 = Debug|Any CPU
		{518F5599-F91D-4873-8E39-A39AA9072D2C}.Release|Any CPU.ActiveCfg = Release|Any CPU
		{518F5599-F91D-4873-8E39-A39AA9072D2C}.Release|Any CPU.Build.0 = Release|Any CPU
		{7E1BEBC2-DDE4-487A-8681-7032BC42051E}.Debug|Any CPU.ActiveCfg = Debug|Any CPU
		{7E1BEBC2-DDE4-487A-8681-7032BC42051E}.Debug|Any CPU.Build.0 = Debug|Any CPU
		{7E1BEBC2-DDE4-487A-8681-7032BC42051E}.Release|Any CPU.ActiveCfg = Release|Any CPU
		{7E1BEBC2-DDE4-487A-8681-7032BC42051E}.Release|Any CPU.Build.0 = Release|Any CPU
		{6C532A4A-5004-478F-8EE9-C697BC6A628C}.Debug|Any CPU.ActiveCfg = Debug|Any CPU
		{6C532A4A-5004-478F-8EE9-C697BC6A628C}.Debug|Any CPU.Build.0 = Debug|Any CPU
		{6C532A4A-5004-478F-8EE9-C697BC6A628C}.Release|Any CPU.ActiveCfg = Release|Any CPU
		{6C532A4A-5004-478F-8EE9-C697BC6A628C}.Release|Any CPU.Build.0 = Release|Any CPU
		{61D76AF1-A483-4DD2-B12D-58C0F5C50CDF}.Debug|Any CPU.ActiveCfg = Debug|Any CPU
		{61D76AF1-A483-4DD2-B12D-58C0F5C50CDF}.Debug|Any CPU.Build.0 = Debug|Any CPU
		{61D76AF1-A483-4DD2-B12D-58C0F5C50CDF}.Release|Any CPU.ActiveCfg = Release|Any CPU
		{61D76AF1-A483-4DD2-B12D-58C0F5C50CDF}.Release|Any CPU.Build.0 = Release|Any CPU
		{EAE6E9D7-B7ED-40C0-B562-5A3FAFAE5796}.Debug|Any CPU.ActiveCfg = Debug|Any CPU
		{EAE6E9D7-B7ED-40C0-B562-5A3FAFAE5796}.Debug|Any CPU.Build.0 = Debug|Any CPU
		{EAE6E9D7-B7ED-40C0-B562-5A3FAFAE5796}.Release|Any CPU.ActiveCfg = Release|Any CPU
		{EAE6E9D7-B7ED-40C0-B562-5A3FAFAE5796}.Release|Any CPU.Build.0 = Release|Any CPU
	EndGlobalSection
	GlobalSection(SolutionProperties) = preSolution
		HideSolutionNode = FALSE
	EndGlobalSection
	GlobalSection(ExtensibilityGlobals) = postSolution
		SolutionGuid = {65450FE3-CB1D-44F9-B0E6-A49D8AFEF385}
	EndGlobalSection
EndGlobal
